github.com/takurooo/binaryio v0.0.0-20200830115810-ba850edf1e5b h1:1hkcPdVihY71/d8M/FfUgQUjOoCzR4QuNVYtevv62uA=
github.com/takurooo/binaryio v0.0.0-20200830115810-ba850edf1e5b/go.mod h1:liCc/Mqk18dyq1CLtKTzL2eP7/Wjq8pg3597n/Yq4R8=
github.com/takurooo/binaryio v0.0.0-20200831120844-b26dd945447b h1:3M8xv/i4L+gGfj8Tm/L9VQ4qm0jSs+N6vd3s6iIYJRo=
github.com/takurooo/binaryio v0.0.0-20200831120844-b26dd945447b/go.mod h1:liCc/Mqk18dyq1CLtKTzL2eP7/Wjq8pg3597n/Yq4R8=
github.com/takurooo/binaryio v0.0.0-20200902134553-3646975c5920 h1:UPDbzTXMqCkpRGUritCaoo4HS3cBSAMViRP1I5ecvy4=
github.com/takurooo/binaryio v0.0.0-20200902134553-3646975c5920/go.mod h1:liCc/Mqk18dyq1CLtKTzL2eP7/Wjq8pg3597n/Yq4R8=
